
Microsoft Visual Studio Solution File, Format Version 12.00
# Visual Studio Version 16
VisualStudioVersion = 16.0.30204.135
MinimumVisualStudioVersion = 10.0.40219.1
Project("{9A19103F-16F7-4668-BE54-9A1E7A4F7556}") = "BankManagement", "BankManagement.csproj", "{6AC38BCC-7EC0-4911-BAE6-2F87D3239A54}"
EndProject
Project("{9A19103F-16F7-4668-BE54-9A1E7A4F7556}") = "NUnitTestBankManagement", "..\NUnitTestBankManagement\NUnitTestBankManagement.csproj", "{8B2217E8-FFE1-4D46-90EB-85E9AD4E1BCB}"
EndProject
Project("{9A19103F-16F7-4668-BE54-9A1E7A4F7556}") = "BankManagementMVC", "..\..\BankManagementMVC\BankManagementMVC.csproj", "{7977407D-F0EB-460A-95B5-01F69B1209D5}"
EndProject
Global
	GlobalSection(SolutionConfigurationPlatforms) = preSolution
		Debug|Any CPU = Debug|Any CPU
		Release|Any CPU = Release|Any CPU
	EndGlobalSection
	GlobalSection(ProjectConfigurationPlatforms) = postSolution
		{6AC38BCC-7EC0-4911-BAE6-2F87D3239A54}.Debug|Any CPU.ActiveCfg = Debug|Any CPU
		{6AC38BCC-7EC0-4911-BAE6-2F87D3239A54}.Debug|Any CPU.Build.0 = Debug|Any CPU
		{6AC38BCC-7EC0-4911-BAE6-2F87D3239A54}.Release|Any CPU.ActiveCfg = Release|Any CPU
		{6AC38BCC-7EC0-4911-BAE6-2F87D3239A54}.Release|Any CPU.Build.0 = Release|Any CPU
		{8B2217E8-FFE1-4D46-90EB-85E9AD4E1BCB}.Debug|Any CPU.ActiveCfg = Debug|Any CPU
		{8B2217E8-FFE1-4D46-90EB-85E9AD4E1BCB}.Debug|Any CPU.Build.0 = Debug|Any CPU
		{8B2217E8-FFE1-4D46-90EB-85E9AD4E1BCB}.Release|Any CPU.ActiveCfg = Release|Any CPU
		{8B2217E8-FFE1-4D46-90EB-85E9AD4E1BCB}.Release|Any CPU.Build.0 = Release|Any CPU
		{7977407D-F0EB-460A-95B5-01F69B1209D5}.Debug|Any CPU.ActiveCfg = Debug|Any CPU
		{7977407D-F0EB-460A-95B5-01F69B1209D5}.Debug|Any CPU.Build.0 = Debug|Any CPU
		{7977407D-F0EB-460A-95B5-01F69B1209D5}.Release|Any CPU.ActiveCfg = Release|Any CPU
		{7977407D-F0EB-460A-95B5-01F69B1209D5}.Release|Any CPU.Build.0 = Release|Any CPU
	EndGlobalSection
	GlobalSection(SolutionProperties) = preSolution
		HideSolutionNode = FALSE
	EndGlobalSection
	GlobalSection(ExtensibilityGlobals) = postSolution
		SolutionGuid = {3CAC139C-80D1-4F50-97F8-7DF2B89E06E7}
	EndGlobalSection
EndGlobal
